
Microsoft Visual Studio Solution File, Format Version 12.00
# Visual Studio Version 17
VisualStudioVersion = 17.2.32630.192
MinimumVisualStudioVersion = 10.0.40219.1
Project("{8BC9CEB8-8B4A-11D0-8D11-00A0C91BC942}") = "applicationdevelopment-basics", "applicationdevelopment-basics\applicationdevelopment-basics.vcxproj", "{C3BEDB79-3B89-4942-8F1C-0D5312E1C5EE}"
EndProject
Project("{8BC9CEB8-8B4A-11D0-8D11-00A0C91BC942}") = "WinVersion", "WinVersion\WinVersion.vcxproj", "{16102BD8-671A-4FC8-AD97-91A3AF74CF26}"
EndProject
Project("{FAE04EC0-301F-11D3-BF4B-00C04F79EFBC}") = "ConsoleApp1", "ConsoleApp1\ConsoleApp1.csproj", "{5DE8FFE6-14C6-4C7B-9C60-D71839EA1698}"
EndProject
Project("{2150E333-8FDC-42A3-9474-1A3956D46DE8}") = "Module1", "Module1", "{7A0A9717-7DFB-432B-9008-CBBCE1D2353A}"
EndProject
Project("{2150E333-8FDC-42A3-9474-1A3956D46DE8}") = "Module2", "Module2", "{FB569E04-5AB4-4CF3-A8FA-3324E68D10BB}"
EndProject
Project("{2150E333-8FDC-42A3-9474-1A3956D46DE8}") = "Module3", "Module3", "{B493EAE3-60E6-4677-ABC1-4C50F7AA7EC7}"
EndProject
Project("{8BC9CEB8-8B4A-11D0-8D11-00A0C91BC942}") = "Handles", "Handles\Handles.vcxproj", "{0C1DE49E-0116-49D4-8DC7-3AB4897A2A5E}"
EndProject
Project("{8BC9CEB8-8B4A-11D0-8D11-00A0C91BC942}") = "SingleInstance", "SingleInstance\SingleInstance.vcxproj", "{BFBB95C3-C762-4416-A7F6-6112E4533C32}"
EndProject
Project("{8BC9CEB8-8B4A-11D0-8D11-00A0C91BC942}") = "BasicSharing", "BasicSharing\BasicSharing.vcxproj", "{39ED0971-481F-4C21-9613-1236F9E3B69C}"
EndProject
Project("{8BC9CEB8-8B4A-11D0-8D11-00A0C91BC942}") = "PrivateSharing", "PrivateSharing\PrivateSharing.vcxproj", "{977F8721-C086-436B-B449-7E6942C8890E}"
EndProject
Project("{8BC9CEB8-8B4A-11D0-8D11-00A0C91BC942}") = "Handle-inheritance", "Handle-inheritance\Handle-inheritance.vcxproj", "{D134024D-A84C-4EFC-9EEA-5506D894D234}"
EndProject
Project("{8BC9CEB8-8B4A-11D0-8D11-00A0C91BC942}") = "Handle-duplication", "Handle-duplication\Handle-duplication.vcxproj", "{75FB954B-BA58-4457-8F8E-BA25531902B3}"
EndProject
Global
	GlobalSection(SolutionConfigurationPlatforms) = preSolution
		Debug|Any CPU = Debug|Any CPU
		Debug|x64 = Debug|x64
		Debug|x86 = Debug|x86
		Release|Any CPU = Release|Any CPU
		Release|x64 = Release|x64
		Release|x86 = Release|x86
	EndGlobalSection
	GlobalSection(ProjectConfigurationPlatforms) = postSolution
		{C3BEDB79-3B89-4942-8F1C-0D5312E1C5EE}.Debug|Any CPU.ActiveCfg = Debug|x64
		{C3BEDB79-3B89-4942-8F1C-0D5312E1C5EE}.Debug|Any CPU.Build.0 = Debug|x64
		{C3BEDB79-3B89-4942-8F1C-0D5312E1C5EE}.Debug|x64.ActiveCfg = Debug|x64
		{C3BEDB79-3B89-4942-8F1C-0D5312E1C5EE}.Debug|x64.Build.0 = Debug|x64
		{C3BEDB79-3B89-4942-8F1C-0D5312E1C5EE}.Debug|x86.ActiveCfg = Debug|Win32
		{C3BEDB79-3B89-4942-8F1C-0D5312E1C5EE}.Debug|x86.Build.0 = Debug|Win32
		{C3BEDB79-3B89-4942-8F1C-0D5312E1C5EE}.Release|Any CPU.ActiveCfg = Release|x64
		{C3BEDB79-3B89-4942-8F1C-0D5312E1C5EE}.Release|Any CPU.Build.0 = Release|x64
		{C3BEDB79-3B89-4942-8F1C-0D5312E1C5EE}.Release|x64.ActiveCfg = Release|x64
		{C3BEDB79-3B89-4942-8F1C-0D5312E1C5EE}.Release|x64.Build.0 = Release|x64
		{C3BEDB79-3B89-4942-8F1C-0D5312E1C5EE}.Release|x86.ActiveCfg = Release|Win32
		{C3BEDB79-3B89-4942-8F1C-0D5312E1C5EE}.Release|x86.Build.0 = Release|Win32
		{16102BD8-671A-4FC8-AD97-91A3AF74CF26}.Debug|Any CPU.ActiveCfg = Debug|x64
		{16102BD8-671A-4FC8-AD97-91A3AF74CF26}.Debug|Any CPU.Build.0 = Debug|x64
		{16102BD8-671A-4FC8-AD97-91A3AF74CF26}.Debug|x64.ActiveCfg = Debug|x64
		{16102BD8-671A-4FC8-AD97-91A3AF74CF26}.Debug|x64.Build.0 = Debug|x64
		{16102BD8-671A-4FC8-AD97-91A3AF74CF26}.Debug|x86.ActiveCfg = Debug|Win32
		{16102BD8-671A-4FC8-AD97-91A3AF74CF26}.Debug|x86.Build.0 = Debug|Win32
		{16102BD8-671A-4FC8-AD97-91A3AF74CF26}.Release|Any CPU.ActiveCfg = Release|x64
		{16102BD8-671A-4FC8-AD97-91A3AF74CF26}.Release|Any CPU.Build.0 = Release|x64
		{16102BD8-671A-4FC8-AD97-91A3AF74CF26}.Release|x64.ActiveCfg = Release|x64
		{16102BD8-671A-4FC8-AD97-91A3AF74CF26}.Release|x64.Build.0 = Release|x64
		{16102BD8-671A-4FC8-AD97-91A3AF74CF26}.Release|x86.ActiveCfg = Release|Win32
		{16102BD8-671A-4FC8-AD97-91A3AF74CF26}.Release|x86.Build.0 = Release|Win32
		{5DE8FFE6-14C6-4C7B-9C60-D71839EA1698}.Debug|Any CPU.ActiveCfg = Debug|Any CPU
		{5DE8FFE6-14C6-4C7B-9C60-D71839EA1698}.Debug|Any CPU.Build.0 = Debug|Any CPU
		{5DE8FFE6-14C6-4C7B-9C60-D71839EA1698}.Debug|x64.ActiveCfg = Debug|Any CPU
		{5DE8FFE6-14C6-4C7B-9C60-D71839EA1698}.Debug|x64.Build.0 = Debug|Any CPU
		{5DE8FFE6-14C6-4C7B-9C60-D71839EA1698}.Debug|x86.ActiveCfg = Debug|Any CPU
		{5DE8FFE6-14C6-4C7B-9C60-D71839EA1698}.Debug|x86.Build.0 = Debug|Any CPU
		{5DE8FFE6-14C6-4C7B-9C60-D71839EA1698}.Release|Any CPU.ActiveCfg = Release|Any CPU
		{5DE8FFE6-14C6-4C7B-9C60-D71839EA1698}.Release|Any CPU.Build.0 = Release|Any CPU
		{5DE8FFE6-14C6-4C7B-9C60-D71839EA1698}.Release|x64.ActiveCfg = Release|Any CPU
		{5DE8FFE6-14C6-4C7B-9C60-D71839EA1698}.Release|x64.Build.0 = Release|Any CPU
		{5DE8FFE6-14C6-4C7B-9C60-D71839EA1698}.Release|x86.ActiveCfg = Release|Any CPU
		{5DE8FFE6-14C6-4C7B-9C60-D71839EA1698}.Release|x86.Build.0 = Release|Any CPU
		{0C1DE49E-0116-49D4-8DC7-3AB4897A2A5E}.Debug|Any CPU.ActiveCfg = Debug|x64
		{0C1DE49E-0116-49D4-8DC7-3AB4897A2A5E}.Debug|Any CPU.Build.0 = Debug|x64
		{0C1DE49E-0116-49D4-8DC7-3AB4897A2A5E}.Debug|x64.ActiveCfg = Debug|x64
		{0C1DE49E-0116-49D4-8DC7-3AB4897A2A5E}.Debug|x64.Build.0 = Debug|x64
		{0C1DE49E-0116-49D4-8DC7-3AB4897A2A5E}.Debug|x86.ActiveCfg = Debug|Win32
		{0C1DE49E-0116-49D4-8DC7-3AB4897A2A5E}.Debug|x86.Build.0 = Debug|Win32
		{0C1DE49E-0116-49D4-8DC7-3AB4897A2A5E}.Release|Any CPU.ActiveCfg = Release|x64
		{0C1DE49E-0116-49D4-8DC7-3AB4897A2A5E}.Release|Any CPU.Build.0 = Release|x64
		{0C1DE49E-0116-49D4-8DC7-3AB4897A2A5E}.Release|x64.ActiveCfg = Release|x64
		{0C1DE49E-0116-49D4-8DC7-3AB4897A2A5E}.Release|x64.Build.0 = Release|x64
		{0C1DE49E-0116-49D4-8DC7-3AB4897A2A5E}.Release|x86.ActiveCfg = Release|Win32
		{0C1DE49E-0116-49D4-8DC7-3AB4897A2A5E}.Release|x86.Build.0 = Release|Win32
		{BFBB95C3-C762-4416-A7F6-6112E4533C32}.Debug|Any CPU.ActiveCfg = Debug|x64
		{BFBB95C3-C762-4416-A7F6-6112E4533C32}.Debug|Any CPU.Build.0 = Debug|x64
		{BFBB95C3-C762-4416-A7F6-6112E4533C32}.Debug|x64.ActiveCfg = Debug|x64
		{BFBB95C3-C762-4416-A7F6-6112E4533C32}.Debug|x64.Build.0 = Debug|x64
		{BFBB95C3-C762-4416-A7F6-6112E4533C32}.Debug|x86.ActiveCfg = Debug|Win32
		{BFBB95C3-C762-4416-A7F6-6112E4533C32}.Debug|x86.Build.0 = Debug|Win32
		{BFBB95C3-C762-4416-A7F6-6112E4533C32}.Release|Any CPU.ActiveCfg = Release|x64
		{BFBB95C3-C762-4416-A7F6-6112E4533C32}.Release|Any CPU.Build.0 = Release|x64
		{BFBB95C3-C762-4416-A7F6-6112E4533C32}.Release|x64.ActiveCfg = Release|x64
		{BFBB95C3-C762-4416-A7F6-6112E4533C32}.Release|x64.Build.0 = Release|x64
		{BFBB95C3-C762-4416-A7F6-6112E4533C32}.Release|x86.ActiveCfg = Release|Win32
		{BFBB95C3-C762-4416-A7F6-6112E4533C32}.Release|x86.Build.0 = Release|Win32
		{39ED0971-481F-4C21-9613-1236F9E3B69C}.Debug|Any CPU.ActiveCfg = Debug|x64
		{39ED0971-481F-4C21-9613-1236F9E3B69C}.Debug|Any CPU.Build.0 = Debug|x64
		{39ED0971-481F-4C21-9613-1236F9E3B69C}.Debug|x64.ActiveCfg = Debug|x64
		{39ED0971-481F-4C21-9613-1236F9E3B69C}.Debug|x64.Build.0 = Debug|x64
		{39ED0971-481F-4C21-9613-1236F9E3B69C}.Debug|x86.ActiveCfg = Debug|Win32
		{39ED0971-481F-4C21-9613-1236F9E3B69C}.Debug|x86.Build.0 = Debug|Win32
		{39ED0971-481F-4C21-9613-1236F9E3B69C}.Release|Any CPU.ActiveCfg = Release|x64
		{39ED0971-481F-4C21-9613-1236F9E3B69C}.Release|Any CPU.Build.0 = Release|x64
		{39ED0971-481F-4C21-9613-1236F9E3B69C}.Release|x64.ActiveCfg = Release|x64
		{39ED0971-481F-4C21-9613-1236F9E3B69C}.Release|x64.Build.0 = Release|x64
		{39ED0971-481F-4C21-9613-1236F9E3B69C}.Release|x86.ActiveCfg = Release|Win32
		{39ED0971-481F-4C21-9613-1236F9E3B69C}.Release|x86.Build.0 = Release|Win32
		{977F8721-C086-436B-B449-7E6942C8890E}.Debug|Any CPU.ActiveCfg = Debug|x64
		{977F8721-C086-436B-B449-7E6942C8890E}.Debug|Any CPU.Build.0 = Debug|x64
		{977F8721-C086-436B-B449-7E6942C8890E}.Debug|x64.ActiveCfg = Debug|x64
		{977F8721-C086-436B-B449-7E6942C8890E}.Debug|x64.Build.0 = Debug|x64
		{977F8721-C086-436B-B449-7E6942C8890E}.Debug|x86.ActiveCfg = Debug|Win32
		{977F8721-C086-436B-B449-7E6942C8890E}.Debug|x86.Build.0 = Debug|Win32
		{977F8721-C086-436B-B449-7E6942C8890E}.Release|Any CPU.ActiveCfg = Release|x64
		{977F8721-C086-436B-B449-7E6942C8890E}.Release|Any CPU.Build.0 = Release|x64
		{977F8721-C086-436B-B449-7E6942C8890E}.Release|x64.ActiveCfg = Release|x64
		{977F8721-C086-436B-B449-7E6942C8890E}.Release|x64.Build.0 = Release|x64
		{977F8721-C086-436B-B449-7E6942C8890E}.Release|x86.ActiveCfg = Release|Win32
		{977F8721-C086-436B-B449-7E6942C8890E}.Release|x86.Build.0 = Release|Win32
		{D134024D-A84C-4EFC-9EEA-5506D894D234}.Debug|Any CPU.ActiveCfg = Debug|x64
		{D134024D-A84C-4EFC-9EEA-5506D894D234}.Debug|Any CPU.Build.0 = Debug|x64
		{D134024D-A84C-4EFC-9EEA-5506D894D234}.Debug|x64.ActiveCfg = Debug|x64
		{D134024D-A84C-4EFC-9EEA-5506D894D234}.Debug|x64.Build.0 = Debug|x64
		{D134024D-A84C-4EFC-9EEA-5506D894D234}.Debug|x86.ActiveCfg = Debug|Win32
		{D134024D-A84C-4EFC-9EEA-5506D894D234}.Debug|x86.Build.0 = Debug|Win32
		{D134024D-A84C-4EFC-9EEA-5506D894D234}.Release|Any CPU.ActiveCfg = Release|x64
		{D134024D-A84C-4EFC-9EEA-5506D894D234}.Release|Any CPU.Build.0 = Release|x64
		{D134024D-A84C-4EFC-9EEA-5506D894D234}.Release|x64.ActiveCfg = Release|x64
		{D134024D-A84C-4EFC-9EEA-5506D894D234}.Release|x64.Build.0 = Release|x64
		{D134024D-A84C-4EFC-9EEA-5506D894D234}.Release|x86.ActiveCfg = Release|Win32
		{D134024D-A84C-4EFC-9EEA-5506D894D234}.Release|x86.Build.0 = Release|Win32
		{75FB954B-BA58-4457-8F8E-BA25531902B3}.Debug|Any CPU.ActiveCfg = Debug|x64
		{75FB954B-BA58-4457-8F8E-BA25531902B3}.Debug|Any CPU.Build.0 = Debug|x64
		{75FB954B-BA58-4457-8F8E-BA25531902B3}.Debug|x64.ActiveCfg = Debug|x64
		{75FB954B-BA58-4457-8F8E-BA25531902B3}.Debug|x64.Build.0 = Debug|x64
		{75FB954B-BA58-4457-8F8E-BA25531902B3}.Debug|x86.ActiveCfg = Debug|Win32
		{75FB954B-BA58-4457-8F8E-BA25531902B3}.Debug|x86.Build.0 = Debug|Win32
		{75FB954B-BA58-4457-8F8E-BA25531902B3}.Release|Any CPU.ActiveCfg = Release|x64
		{75FB954B-BA58-4457-8F8E-BA25531902B3}.Release|Any CPU.Build.0 = Release|x64
		{75FB954B-BA58-4457-8F8E-BA25531902B3}.Release|x64.ActiveCfg = Release|x64
		{75FB954B-BA58-4457-8F8E-BA25531902B3}.Release|x64.Build.0 = Release|x64
		{75FB954B-BA58-4457-8F8E-BA25531902B3}.Release|x86.ActiveCfg = Release|Win32
		{75FB954B-BA58-4457-8F8E-BA25531902B3}.Release|x86.Build.0 = Release|Win32
	EndGlobalSection
	GlobalSection(SolutionProperties) = preSolution
		HideSolutionNode = FALSE
	EndGlobalSection
	GlobalSection(NestedProjects) = preSolution
		{C3BEDB79-3B89-4942-8F1C-0D5312E1C5EE} = {FB569E04-5AB4-4CF3-A8FA-3324E68D10BB}
		{16102BD8-671A-4FC8-AD97-91A3AF74CF26} = {FB569E04-5AB4-4CF3-A8FA-3324E68D10BB}
		{5DE8FFE6-14C6-4C7B-9C60-D71839EA1698} = {FB569E04-5AB4-4CF3-A8FA-3324E68D10BB}
		{0C1DE49E-0116-49D4-8DC7-3AB4897A2A5E} = {B493EAE3-60E6-4677-ABC1-4C50F7AA7EC7}
		{BFBB95C3-C762-4416-A7F6-6112E4533C32} = {B493EAE3-60E6-4677-ABC1-4C50F7AA7EC7}
		{39ED0971-481F-4C21-9613-1236F9E3B69C} = {B493EAE3-60E6-4677-ABC1-4C50F7AA7EC7}
		{977F8721-C086-436B-B449-7E6942C8890E} = {B493EAE3-60E6-4677-ABC1-4C50F7AA7EC7}
		{D134024D-A84C-4EFC-9EEA-5506D894D234} = {B493EAE3-60E6-4677-ABC1-4C50F7AA7EC7}
		{75FB954B-BA58-4457-8F8E-BA25531902B3} = {B493EAE3-60E6-4677-ABC1-4C50F7AA7EC7}
	EndGlobalSection
	GlobalSection(ExtensibilityGlobals) = postSolution
		SolutionGuid = {E1AD0DC2-7DBF-470B-A437-B9C0F2F7DF60}
	EndGlobalSection
EndGlobal
